{
  "pins" : [
    {
      "identity" : "swift-common",
      "kind" : "remoteSourceControl",
      "location" : "https://github.com/OrionikUA/swift-Common.git",
      "state" : {
        "branch" : "master",
        "revision" : "d0caf6b5d2eeee56583aa6b6087458755ec4826a"
      }
    }
  ],
  "version" : 2
}
